github.com/davecgh/go-spew v1.1.0 h1:ZDRjVQ15GmhC3fiQ8ni8+OwkZQO4DARzQgrnXU1Liz8=
github.com/davecgh/go-spew v1.1.0/go.mod h1:J7Y8YcW2NihsgmVo/mv3lAwl/skON4iLHjSsI+c5H38=
github.com/getlantern/byteexec v0.0.0-20170405023437-4cfb26ec74f4 h1:Nqmy8i81dzokjNHpyOg24gnQBeGRF7D51m8HmBRNn0Y=
github.com/getlantern/byteexec v0.0.0-20170405023437-4cfb26ec74f4/go.mod h1:4WCQkaCIwta0KlF9bQZA1jYqp8bzIS2PeCqjnef8nZ8=
github.com/getlantern/context v0.0.0-20190109183933-c447772a6520 h1:NRUJuo3v3WGC/g5YiyF790gut6oQr5f3FBI88Wv0dx4=
github.com/getlantern/context v0.0.0-20190109183933-c447772a6520/go.mod h1:L+mq6/vvYHKjCX2oez0CgEAJmbq1fbb/oNJIWQkBybY=
github.com/getlantern/elevate v0.0.0-20200430163644-2881a121236d h1:o0EHYAq7u9/umRZE0PpJ00GYQvxPxVUvtoDkUca2guQ=
github.com/getlantern/elevate v0.0.0-20200430163644-2881a121236d/go.mod h1:+nYKXAqGigcDHB3as7WikMzg3eIHzGUbLnBKOCBJeUE=
github.com/getlantern/errors v0.0.0-20190325191628-abdb3e3e36f7/go.mod h1:l+xpFBrCtDLpK9qNjxs+cHU6+BAdlBaxHqikB6Lku3A=
github.com/getlantern/errors v1.0.1 h1:XukU2whlh7OdpxnkXhNH9VTLVz0EVPGKDV5K0oWhvzw=
github.com/getlantern/errors v1.0.1/go.mod h1:l+xpFBrCtDLpK9qNjxs+cHU6+BAdlBaxHqikB6Lku3A=
github.com/getlantern/filepersist v0.0.0-20160317154340-c5f0cd24e799 h1:FhkPUYCQYmoxS02r2GRrIV7dahUIncRl36xzs3/mnjA=
github.com/getlantern/filepersist v0.0.0-20160317154340-c5f0cd24e799/go.mod h1:8DGAx0LNUfXNnEH+fXI0s3OCBA/351kZCiz/8YSK3i8=
github.com/getlantern/golog v0.0.0-20190830074920-4ef2e798c2d7/go.mod h1:zx/1xUUeYPy3Pcmet8OSXLbF47l+3y6hIPpyLWoR9oc=
github.com/getlantern/golog v0.0.0-20210606115803-bce9f9fe5a5f h1:wsVt3P/boVKkPFEZkWxgNgRq/+mD7sWHc17+Vw2PgH8=
github.com/getlantern/golog v0.0.0-20210606115803-bce9f9fe5a5f/go.mod h1:ZyIjgH/1wTCl+B+7yH1DqrWp6MPJqESmwmEQ89ZfhvA=
github.com/getlantern/hex v0.0.0-20190417191902-c6586a6fe0b7 h1:micT5vkcr9tOVk1FiH8SWKID8ultN44Z+yzd2y/Vyb0=
github.com/getlantern/hex v0.0.0-20190417191902-c6586a6fe0b7/go.mod h1:dD3CgOrwlzca8ed61CsZouQS5h5jIzkK9ZWrTcf0s+o=
github.com/getlantern/hidden v0.0.0-20190325191715-f02dbb02be55 h1:XYzSdCbkzOC0FDNrgJqGRo8PCMFOBFL9py72DRs7bmc=
github.com/getlantern/hidden v0.0.0-20190325191715-f02dbb02be55/go.mod h1:6mmzY2kW1TOOrVy+r41Za2MxXM+hhqTtY3oBKd2AgFA=
github.com/getlantern/ops v0.0.0-20190325191751-d70cb0d6f85f h1:wrYrQttPS8FHIRSlsrcuKazukx/xqO/PpLZzZXsF+EA=
github.com/getlantern/ops v0.0.0-20190325191751-d70cb0d6f85f/go.mod h1:D5ao98qkA6pxftxoqzibIBBrLSUli+kYnJqrgBf9cIA=
github.com/go-stack/stack v1.8.0 h1:5SgMzNM5HxrEjV0ww2lTmX6E2Izsfxas4+YHWRs3Lsk=
github.com/go-stack/stack v1.8.0/go.mod h1:v0f6uXyyMGvRgIKkXu+yp6POWl0qKG85gN/melR3HDY=
github.com/oxtoacart/bpool v0.0.0-20190530202638-03653db5a59c h1:rp5dCmg/yLR3mgFuSOe4oEnDDmGLROTvMragMUXpTQw=
github.com/oxtoacart/bpool v0.0.0-20190530202638-03653db5a59c/go.mod h1:X07ZCGwUbLaax7L0S3Tw4hpejzu63ZrrQiUe6W0hcy0=
github.com/pmezard/go-difflib v1.0.0 h1:4DBwDE0NGyQoBHbLQYPwSUPoCMWR5BEzIk/f1lZbAQM=
github.com/pmezard/go-difflib v1.0.0/go.mod h1:iKH77koFhYxTK1pcRnkKkqfTogsbg7gZNVY4sRDYZ/4=
github.com/stretchr/objx v0.1.0/go.mod h1:HFkY916IF+rwdDfMAkV7OtwuqBVzrE8GR6GFx+wExME=
github.com/stretchr/testify v1.3.0/go.mod h1:M5WIy9Dh21IEIfnGCwXGc5bZfKNJtfHm1UVUgZn+9EI=
github.com/stretchr/testify v1.7.0 h1:nwc3DEeHmmLAfoZucVR881uASk0Mfjw8xYJ99tb5CcY=
github.com/stretchr/testify v1.7.0/go.mod h1:6Fq8oRcR53rry900zMqJjRRixrwX3KX962/h/Wwjteg=
gopkg.in/check.v1 v0.0.0-20161208181325-20d25e280405 h1:yhCVgyC4o1eVCa2tZl7eS0r+SDo693bJlVdllGtEeKM=
gopkg.in/check.v1 v0.0.0-20161208181325-20d25e280405/go.mod h1:Co6ibVJAznAaIkqp8huTwlJQCZ016jof/cbN4VW5Yz0=
gopkg.in/yaml.v3 v3.0.0-20200313102051-9f266ea9e77c h1:dUUwHk2QECo/6vqA44rthZ8ie2QXMNeKRTHCNY2nXvo=
gopkg.in/yaml.v3 v3.0.0-20200313102051-9f266ea9e77c/go.mod h1:K4uyk7z7BCEPqu6E+C64Yfv1cQ7kz7rIZviUmN+EgEM=
